
Microsoft Visual Studio Solution File, Format Version 12.00
# Visual Studio Version 17
VisualStudioVersion = 17.11.35303.130
MinimumVisualStudioVersion = 10.0.40219.1
Project("{9A19103F-16F7-4668-BE54-9A1E7A4F7556}") = "AviaMare", "AviaMare\AviaMare.csproj", "{B4AF27E7-39DC-45B7-AD54-102E76BC7A6C}"
EndProject
Project("{9A19103F-16F7-4668-BE54-9A1E7A4F7556}") = "Enums", "Enums\Enums.csproj", "{812A478E-76C8-4A49-B1B7-F49DE664D123}"
EndProject
Project("{9A19103F-16F7-4668-BE54-9A1E7A4F7556}") = "AviaMare.Data", "AviaMare.Data\AviaMare.Data.csproj", "{B73A237B-41F5-4F3F-93CE-B2D9C4E60886}"
EndProject
Project("{9A19103F-16F7-4668-BE54-9A1E7A4F7556}") = "AviaMare.Data.Interface", "AviaMare.Data.Interface\AviaMare.Data.Interface.csproj", "{1F9FDDA1-B8E6-4E07-AC61-18F76EC58FC6}"
EndProject
Project("{FAE04EC0-301F-11D3-BF4B-00C04F79EFBC}") = "AviaMare.Test", "AviaMare.Test\AviaMare.Test.csproj", "{85797AE0-052A-4C8D-A7A7-47FF8BC270F9}"
	ProjectSection(ProjectDependencies) = postProject
		{1F9FDDA1-B8E6-4E07-AC61-18F76EC58FC6} = {1F9FDDA1-B8E6-4E07-AC61-18F76EC58FC6}
		{812A478E-76C8-4A49-B1B7-F49DE664D123} = {812A478E-76C8-4A49-B1B7-F49DE664D123}
		{B4AF27E7-39DC-45B7-AD54-102E76BC7A6C} = {B4AF27E7-39DC-45B7-AD54-102E76BC7A6C}
		{B73A237B-41F5-4F3F-93CE-B2D9C4E60886} = {B73A237B-41F5-4F3F-93CE-B2D9C4E60886}
	EndProjectSection
EndProject
Global
	GlobalSection(SolutionConfigurationPlatforms) = preSolution
		Debug|Any CPU = Debug|Any CPU
		Release|Any CPU = Release|Any CPU
	EndGlobalSection
	GlobalSection(ProjectConfigurationPlatforms) = postSolution
		{B4AF27E7-39DC-45B7-AD54-102E76BC7A6C}.Debug|Any CPU.ActiveCfg = Debug|Any CPU
		{B4AF27E7-39DC-45B7-AD54-102E76BC7A6C}.Debug|Any CPU.Build.0 = Debug|Any CPU
		{B4AF27E7-39DC-45B7-AD54-102E76BC7A6C}.Release|Any CPU.ActiveCfg = Release|Any CPU
		{B4AF27E7-39DC-45B7-AD54-102E76BC7A6C}.Release|Any CPU.Build.0 = Release|Any CPU
		{812A478E-76C8-4A49-B1B7-F49DE664D123}.Debug|Any CPU.ActiveCfg = Debug|Any CPU
		{812A478E-76C8-4A49-B1B7-F49DE664D123}.Debug|Any CPU.Build.0 = Debug|Any CPU
		{812A478E-76C8-4A49-B1B7-F49DE664D123}.Release|Any CPU.ActiveCfg = Release|Any CPU
		{812A478E-76C8-4A49-B1B7-F49DE664D123}.Release|Any CPU.Build.0 = Release|Any CPU
		{B73A237B-41F5-4F3F-93CE-B2D9C4E60886}.Debug|Any CPU.ActiveCfg = Debug|Any CPU
		{B73A237B-41F5-4F3F-93CE-B2D9C4E60886}.Debug|Any CPU.Build.0 = Debug|Any CPU
		{B73A237B-41F5-4F3F-93CE-B2D9C4E60886}.Release|Any CPU.ActiveCfg = Release|Any CPU
		{B73A237B-41F5-4F3F-93CE-B2D9C4E60886}.Release|Any CPU.Build.0 = Release|Any CPU
		{1F9FDDA1-B8E6-4E07-AC61-18F76EC58FC6}.Debug|Any CPU.ActiveCfg = Debug|Any CPU
		{1F9FDDA1-B8E6-4E07-AC61-18F76EC58FC6}.Debug|Any CPU.Build.0 = Debug|Any CPU
		{1F9FDDA1-B8E6-4E07-AC61-18F76EC58FC6}.Release|Any CPU.ActiveCfg = Release|Any CPU
		{1F9FDDA1-B8E6-4E07-AC61-18F76EC58FC6}.Release|Any CPU.Build.0 = Release|Any CPU
		{85797AE0-052A-4C8D-A7A7-47FF8BC270F9}.Debug|Any CPU.ActiveCfg = Debug|Any CPU
		{85797AE0-052A-4C8D-A7A7-47FF8BC270F9}.Debug|Any CPU.Build.0 = Debug|Any CPU
		{85797AE0-052A-4C8D-A7A7-47FF8BC270F9}.Release|Any CPU.ActiveCfg = Release|Any CPU
		{85797AE0-052A-4C8D-A7A7-47FF8BC270F9}.Release|Any CPU.Build.0 = Release|Any CPU
	EndGlobalSection
	GlobalSection(SolutionProperties) = preSolution
		HideSolutionNode = FALSE
	EndGlobalSection
	GlobalSection(ExtensibilityGlobals) = postSolution
		SolutionGuid = {8FB24727-5F6F-42B3-93E0-BD8CB1968FF6}
	EndGlobalSection
EndGlobal
